
Microsoft Visual Studio Solution File, Format Version 12.00
# Visual Studio Version 16
VisualStudioVersion = 16.0.29418.71
MinimumVisualStudioVersion = 10.0.40219.1
Project("{FAE04EC0-301F-11D3-BF4B-00C04F79EFBC}") = "DSCC_CW1_5995_front", "DSCC_CW1_5995_front\DSCC_CW1_5995_front.csproj", "{09CD5F09-BCB4-4492-8AA6-6010B4F4CFE9}"
EndProject
Global
	GlobalSection(SolutionConfigurationPlatforms) = preSolution
		Debug|Any CPU = Debug|Any CPU
		Release|Any CPU = Release|Any CPU
	EndGlobalSection
	GlobalSection(ProjectConfigurationPlatforms) = postSolution
		{09CD5F09-BCB4-4492-8AA6-6010B4F4CFE9}.Debug|Any CPU.ActiveCfg = Debug|Any CPU
		{09CD5F09-BCB4-4492-8AA6-6010B4F4CFE9}.Debug|Any CPU.Build.0 = Debug|Any CPU
		{09CD5F09-BCB4-4492-8AA6-6010B4F4CFE9}.Release|Any CPU.ActiveCfg = Release|Any CPU
		{09CD5F09-BCB4-4492-8AA6-6010B4F4CFE9}.Release|Any CPU.Build.0 = Release|Any CPU
	EndGlobalSection
	GlobalSection(SolutionProperties) = preSolution
		HideSolutionNode = FALSE
	EndGlobalSection
	GlobalSection(ExtensibilityGlobals) = postSolution
		SolutionGuid = {97F79429-26E2-4F7F-8C76-FE4A02564A31}
	EndGlobalSection
EndGlobal
